
Microsoft Visual Studio Solution File, Format Version 12.00
# Visual Studio Version 17
VisualStudioVersion = 17.5.2.0
MinimumVisualStudioVersion = 10.0.40219.1
Project("{FAE04EC0-301F-11D3-BF4B-00C04F79EFBC}") = "tracker", "tracker.csproj", "{CF0A56A9-572A-6EAD-1B13-03B858428FD3}"
EndProject
Project("{FAE04EC0-301F-11D3-BF4B-00C04F79EFBC}") = "tracker.Tests", "tracker.Tests\tracker.Tests.csproj", "{7D596AD3-AFFA-4EB2-8AE9-D3504C279B01}"
EndProject
Global
	GlobalSection(SolutionConfigurationPlatforms) = preSolution
		Debug|Any CPU = Debug|Any CPU
		Debug|x64 = Debug|x64
		Debug|x86 = Debug|x86
		Release|Any CPU = Release|Any CPU
		Release|x64 = Release|x64
		Release|x86 = Release|x86
	EndGlobalSection
	GlobalSection(ProjectConfigurationPlatforms) = postSolution
		{CF0A56A9-572A-6EAD-1B13-03B858428FD3}.Debug|Any CPU.ActiveCfg = Debug|Any CPU
		{CF0A56A9-572A-6EAD-1B13-03B858428FD3}.Debug|Any CPU.Build.0 = Debug|Any CPU
		{CF0A56A9-572A-6EAD-1B13-03B858428FD3}.Debug|x64.ActiveCfg = Debug|Any CPU
		{CF0A56A9-572A-6EAD-1B13-03B858428FD3}.Debug|x64.Build.0 = Debug|Any CPU
		{CF0A56A9-572A-6EAD-1B13-03B858428FD3}.Debug|x86.ActiveCfg = Debug|Any CPU
		{CF0A56A9-572A-6EAD-1B13-03B858428FD3}.Debug|x86.Build.0 = Debug|Any CPU
		{CF0A56A9-572A-6EAD-1B13-03B858428FD3}.Release|Any CPU.ActiveCfg = Release|Any CPU
		{CF0A56A9-572A-6EAD-1B13-03B858428FD3}.Release|Any CPU.Build.0 = Release|Any CPU
		{CF0A56A9-572A-6EAD-1B13-03B858428FD3}.Release|x64.ActiveCfg = Release|Any CPU
		{CF0A56A9-572A-6EAD-1B13-03B858428FD3}.Release|x64.Build.0 = Release|Any CPU
		{CF0A56A9-572A-6EAD-1B13-03B858428FD3}.Release|x86.ActiveCfg = Release|Any CPU
		{CF0A56A9-572A-6EAD-1B13-03B858428FD3}.Release|x86.Build.0 = Release|Any CPU
		{7D596AD3-AFFA-4EB2-8AE9-D3504C279B01}.Debug|Any CPU.ActiveCfg = Debug|Any CPU
		{7D596AD3-AFFA-4EB2-8AE9-D3504C279B01}.Debug|Any CPU.Build.0 = Debug|Any CPU
		{7D596AD3-AFFA-4EB2-8AE9-D3504C279B01}.Debug|x64.ActiveCfg = Debug|Any CPU
		{7D596AD3-AFFA-4EB2-8AE9-D3504C279B01}.Debug|x64.Build.0 = Debug|Any CPU
		{7D596AD3-AFFA-4EB2-8AE9-D3504C279B01}.Debug|x86.ActiveCfg = Debug|Any CPU
		{7D596AD3-AFFA-4EB2-8AE9-D3504C279B01}.Debug|x86.Build.0 = Debug|Any CPU
		{7D596AD3-AFFA-4EB2-8AE9-D3504C279B01}.Release|Any CPU.ActiveCfg = Release|Any CPU
		{7D596AD3-AFFA-4EB2-8AE9-D3504C279B01}.Release|Any CPU.Build.0 = Release|Any CPU
		{7D596AD3-AFFA-4EB2-8AE9-D3504C279B01}.Release|x64.ActiveCfg = Release|Any CPU
		{7D596AD3-AFFA-4EB2-8AE9-D3504C279B01}.Release|x64.Build.0 = Release|Any CPU
		{7D596AD3-AFFA-4EB2-8AE9-D3504C279B01}.Release|x86.ActiveCfg = Release|Any CPU
		{7D596AD3-AFFA-4EB2-8AE9-D3504C279B01}.Release|x86.Build.0 = Release|Any CPU
	EndGlobalSection
	GlobalSection(SolutionProperties) = preSolution
		HideSolutionNode = FALSE
	EndGlobalSection
	GlobalSection(ExtensibilityGlobals) = postSolution
		SolutionGuid = {13866408-6F34-4F0C-8236-D0308EF0FC7F}
	EndGlobalSection
EndGlobal
